<?xml version="1.0" encoding="utf-8"?>
<Project ToolsVersion="4.0" xmlns="http://schemas.microsoft.com/developer/msbuild/2003">
  <ItemGroup>
    <ClCompile Include="CGLColourHelper.cpp">
      <Filter>Implementation</Filter>
    </ClCompile>
    <ClCompile Include="cLight.cpp">
      <Filter>Implementation</Filter>
    </ClCompile>
    <ClCompile Include="cLightHelper.cpp">
      <Filter>Implementation</Filter>
    </ClCompile>
    <ClCompile Include="cLightManager.cpp">
      <Filter>Implementation</Filter>
    </ClCompile>
    <ClCompile Include="cMeshObject.cpp">
      <Filter>Implementation</Filter>
    </ClCompile>
    <ClCompile Include="cShader.cpp">
      <Filter>Implementation</Filter>
    </ClCompile>
    <ClCompile Include="cShaderManager.cpp">
      <Filter>Implementation</Filter>
    </ClCompile>
    <ClCompile Include="cVAOManager.cpp">
      <Filter>Implementation</Filter>
    </ClCompile>
    <ClCompile Include="DrawObjectFunction.cpp">
      <Filter>Implementation</Filter>
    </ClCompile>
    <ClCompile Include="glad.c">
      <Filter>Implementation</Filter>
    </ClCompile>
    <ClCompile Include="globalStuff.cpp">
      <Filter>Implementation</Filter>
    </ClCompile>
    <ClCompile Include="key_callback_GLFW.cpp">
      <Filter>Implementation</Filter>
    </ClCompile>
    <ClCompile Include="ObjectLoadingStuff.cpp">
      <Filter>Implementation</Filter>
    </ClCompile>
    <ClCompile Include="ProcessInputAsync.cpp">
      <Filter>Implementation</Filter>
    </ClCompile>
    <ClCompile Include="TheMain.cpp">
      <Filter>Implementation</Filter>
    </ClCompile>
  </ItemGroup>
  <ItemGroup>
    <ClInclude Include="CGLColourHelper.h">
      <Filter>Headers</Filter>
    </ClInclude>
    <ClInclude Include="cLight.h">
      <Filter>Headers</Filter>
    </ClInclude>
    <ClInclude Include="cLightHelper.h">
      <Filter>Headers</Filter>
    </ClInclude>
    <ClInclude Include="cLightManager.h">
      <Filter>Headers</Filter>
    </ClInclude>
    <ClInclude Include="cMeshObject.h">
      <Filter>Headers</Filter>
    </ClInclude>
    <ClInclude Include="cShaderManager.h">
      <Filter>Headers</Filter>
    </ClInclude>
    <ClInclude Include="cVAOManager.h">
      <Filter>Headers</Filter>
    </ClInclude>
    <ClInclude Include="globalStuff.h">
      <Filter>Headers</Filter>
    </ClInclude>
    <ClInclude Include="linmath.h">
      <Filter>Headers</Filter>
    </ClInclude>
  </ItemGroup>
  <ItemGroup>
    <None Include="vert01.glsl">
      <Filter>Shaders</Filter>
    </None>
    <None Include="frag01.glsl">
      <Filter>Shaders</Filter>
    </None>
    <None Include="AUDI_TT_COUPE_xyz_rgba_n_uv.ply">
      <Filter>Models</Filter>
    </None>
    <None Include="building_xyz_rgba_n_uv.ply">
      <Filter>Models</Filter>
    </None>
    <None Include="bun_zipper_xyz_rgba_n_uv.ply">
      <Filter>Models</Filter>
    </None>
    <None Include="cow_xyz_rgba_n_uv.ply">
      <Filter>Models</Filter>
    </None>
    <None Include="palm-tree_xyz_rgba_n_uv.ply">
      <Filter>Models</Filter>
    </None>
    <None Include="rob-terrain-xyz-rgba-n-uv.ply">
      <Filter>Models</Filter>
    </None>
    <None Include="isosphere_smooth_xyz_n_rgba_uv.ply">
      <Filter>Models</Filter>
    </None>
  </ItemGroup>
  <ItemGroup>
    <Filter Include="Shaders">
      <UniqueIdentifier>{1ba12497-1465-454d-ba3f-3b29cb146efb}</UniqueIdentifier>
    </Filter>
    <Filter Include="Headers">
      <UniqueIdentifier>{bc05ff7f-f40c-440d-a22d-dae26a9e7006}</UniqueIdentifier>
    </Filter>
    <Filter Include="Implementation">
      <UniqueIdentifier>{ebacb5d2-c3ea-46d6-9964-af17ce718d44}</UniqueIdentifier>
    </Filter>
    <Filter Include="Models">
      <UniqueIdentifier>{a3b5020a-1b3e-43f9-9577-1c55170571eb}</UniqueIdentifier>
    </Filter>
  </ItemGroup>
</Project>